
Microsoft Visual Studio Solution File, Format Version 12.00
# Visual Studio Version 17
VisualStudioVersion = 17.7.34024.191
MinimumVisualStudioVersion = 10.0.40219.1
Project("{FAE04EC0-301F-11D3-BF4B-00C04F79EFBC}") = "GimnacioClient", "GimnacioClient.csproj", "{91EF0F0A-6017-4A8B-A9F2-0EA5A439EE06}"
EndProject
Global
	GlobalSection(SolutionConfigurationPlatforms) = preSolution
		Debug|Any CPU = Debug|Any CPU
		Release|Any CPU = Release|Any CPU
	EndGlobalSection
	GlobalSection(ProjectConfigurationPlatforms) = postSolution
		{91EF0F0A-6017-4A8B-A9F2-0EA5A439EE06}.Debug|Any CPU.ActiveCfg = Debug|Any CPU
		{91EF0F0A-6017-4A8B-A9F2-0EA5A439EE06}.Debug|Any CPU.Build.0 = Debug|Any CPU
		{91EF0F0A-6017-4A8B-A9F2-0EA5A439EE06}.Release|Any CPU.ActiveCfg = Release|Any CPU
		{91EF0F0A-6017-4A8B-A9F2-0EA5A439EE06}.Release|Any CPU.Build.0 = Release|Any CPU
	EndGlobalSection
	GlobalSection(SolutionProperties) = preSolution
		HideSolutionNode = FALSE
	EndGlobalSection
	GlobalSection(ExtensibilityGlobals) = postSolution
		SolutionGuid = {D9575186-A852-4A30-9797-50FB3B0E5D8C}
	EndGlobalSection
EndGlobal
